// !$*UTF8*$!
{
	archiveVersion = 1;
	classes = {
	};
	objectVersion = 46;
	objects = {

/* Begin PBXBuildFile section */
		B88A76D21E0F33D1003B269A /* AppDelegate.swift in Sources */ = {isa = PBXBuildFile; fileRef = B88A76D11E0F33D1003B269A /* AppDelegate.swift */; };
		B88A76D41E0F33D1003B269A /* ListViewController.swift in Sources */ = {isa = PBXBuildFile; fileRef = B88A76D31E0F33D1003B269A /* ListViewController.swift */; };
		B88A76D71E0F33D1003B269A /* Main.storyboard in Resources */ = {isa = PBXBuildFile; fileRef = B88A76D51E0F33D1003B269A /* Main.storyboard */; };
		B88A76D91E0F33D1003B269A /* Assets.xcassets in Resources */ = {isa = PBXBuildFile; fileRef = B88A76D81E0F33D1003B269A /* Assets.xcassets */; };
		B88A76DC1E0F33D1003B269A /* LaunchScreen.storyboard in Resources */ = {isa = PBXBuildFile; fileRef = B88A76DA1E0F33D1003B269A /* LaunchScreen.storyboard */; };
		B88A76E71E0F33D1003B269A /* DueListTests.swift in Sources */ = {isa = PBXBuildFile; fileRef = B88A76E61E0F33D1003B269A /* DueListTests.swift */; };
		B88A76F21E0F33D1003B269A /* DueListUITests.swift in Sources */ = {isa = PBXBuildFile; fileRef = B88A76F11E0F33D1003B269A /* DueListUITests.swift */; };
		B88A77001E0F342E003B269A /* InputViewController.swift in Sources */ = {isa = PBXBuildFile; fileRef = B88A76FF1E0F342E003B269A /* InputViewController.swift */; };
		B88A77021E0F3678003B269A /* DueElementCell.swift in Sources */ = {isa = PBXBuildFile; fileRef = B88A77011E0F3678003B269A /* DueElementCell.swift */; };
/* End PBXBuildFile section */

/* Begin PBXContainerItemProxy section */
		B88A76E31E0F33D1003B269A /* PBXContainerItemProxy */ = {
			isa = PBXContainerItemProxy;
			containerPortal = B88A76C61E0F33D1003B269A /* Project object */;
			proxyType = 1;
			remoteGlobalIDString = B88A76CD1E0F33D1003B269A;
			remoteInfo = DueList;
		};
		B88A76EE1E0F33D1003B269A /* PBXContainerItemProxy */ = {
			isa = PBXContainerItemProxy;
			containerPortal = B88A76C61E0F33D1003B269A /* Project object */;
			proxyType = 1;
			remoteGlobalIDString = B88A76CD1E0F33D1003B269A;
			remoteInfo = DueList;
		};
/* End PBXContainerItemProxy section */

/* Begin PBXFileReference section */
		B88A76CE1E0F33D1003B269A /* DueList.app */ = {isa = PBXFileReference; explicitFileType = wrapper.application; includeInIndex = 0; path = DueList.app; sourceTree = BUILT_PRODUCTS_DIR; };
		B88A76D11E0F33D1003B269A /* AppDelegate.swift */ = {isa = PBXFileReference; lastKnownFileType = sourcecode.swift; path = AppDelegate.swift; sourceTree = "<group>"; };
		B88A76D31E0F33D1003B269A /* ListViewController.swift */ = {isa = PBXFileReference; lastKnownFileType = sourcecode.swift; path = ListViewController.swift; sourceTree = "<group>"; };
		B88A76D61E0F33D1003B269A /* Base */ = {isa = PBXFileReference; lastKnownFileType = file.storyboard; name = Base; path = Base.lproj/Main.storyboard; sourceTree = "<group>"; };
		B88A76D81E0F33D1003B269A /* Assets.xcassets */ = {isa = PBXFileReference; lastKnownFileType = folder.assetcatalog; path = Assets.xcassets; sourceTree = "<group>"; };
		B88A76DB1E0F33D1003B269A /* Base */ = {isa = PBXFileReference; lastKnownFileType = file.storyboard; name = Base; path = Base.lproj/LaunchScreen.storyboard; sourceTree = "<group>"; };
		B88A76DD1E0F33D1003B269A /* Info.plist */ = {isa = PBXFileReference; lastKnownFileType = text.plist.xml; path = Info.plist; sourceTree = "<group>"; };
		B88A76E21E0F33D1003B269A /* DueListTests.xctest */ = {isa = PBXFileReference; explicitFileType = wrapper.cfbundle; includeInIndex = 0; path = DueListTests.xctest; sourceTree = BUILT_PRODUCTS_DIR; };
		B88A76E61E0F33D1003B269A /* DueListTests.swift */ = {isa = PBXFileReference; lastKnownFileType = sourcecode.swift; path = DueListTests.swift; sourceTree = "<group>"; };
		B88A76E81E0F33D1003B269A /* Info.plist */ = {isa = PBXFileReference; lastKnownFileType = text.plist.xml; path = Info.plist; sourceTree = "<group>"; };
		B88A76ED1E0F33D1003B269A /* DueListUITests.xctest */ = {isa = PBXFileReference; explicitFileType = wrapper.cfbundle; includeInIndex = 0; path = DueListUITests.xctest; sourceTree = BUILT_PRODUCTS_DIR; };
		B88A76F11E0F33D1003B269A /* DueListUITests.swift */ = {isa = PBXFileReference; lastKnownFileType = sourcecode.swift; path = DueListUITests.swift; sourceTree = "<group>"; };
		B88A76F31E0F33D1003B269A /* Info.plist */ = {isa = PBXFileReference; lastKnownFileType = text.plist.xml; path = Info.plist; sourceTree = "<group>"; };
		B88A76FF1E0F342E003B269A /* InputViewController.swift */ = {isa = PBXFileReference; fileEncoding = 4; lastKnownFileType = sourcecode.swift; path = InputViewController.swift; sourceTree = "<group>"; };
		B88A77011E0F3678003B269A /* DueElementCell.swift */ = {isa = PBXFileReference; fileEncoding = 4; lastKnownFileType = sourcecode.swift; path = DueElementCell.swift; sourceTree = "<group>"; };
/* End PBXFileReference section */

/* Begin PBXFrameworksBuildPhase section */
		B88A76CB1E0F33D1003B269A /* Frameworks */ = {
			isa = PBXFrameworksBuildPhase;
			buildActionMask = 2147483647;
			files = (
			);
			runOnlyForDeploymentPostprocessing = 0;
		};
		B88A76DF1E0F33D1003B269A /* Frameworks */ = {
			isa = PBXFrameworksBuildPhase;
			buildActionMask = 2147483647;
			files = (
			);
			runOnlyForDeploymentPostprocessing = 0;
		};
		B88A76EA1E0F33D1003B269A /* Frameworks */ = {
			isa = PBXFrameworksBuildPhase;
			buildActionMask = 2147483647;
			files = (
			);
			runOnlyForDeploymentPostprocessing = 0;
		};
/* End PBXFrameworksBuildPhase section */

/* Begin PBXGroup section */
		B88A76C51E0F33D1003B269A = {
			isa = PBXGroup;
			children = (
				B88A76D01E0F33D1003B269A /* DueList */,
				B88A76E51E0F33D1003B269A /* DueListTests */,
				B88A76F01E0F33D1003B269A /* DueListUITests */,
				B88A76CF1E0F33D1003B269A /* Products */,
			);
			sourceTree = "<group>";
		};
		B88A76CF1E0F33D1003B269A /* Products */ = {
			isa = PBXGroup;
			children = (
				B88A76CE1E0F33D1003B269A /* DueList.app */,
				B88A76E21E0F33D1003B269A /* DueListTests.xctest */,
				B88A76ED1E0F33D1003B269A /* DueListUITests.xctest */,
			);
			name = Products;
			sourceTree = "<group>";
		};
		B88A76D01E0F33D1003B269A /* DueList */ = {
			isa = PBXGroup;
			children = (
				B88A76D11E0F33D1003B269A /* AppDelegate.swift */,
				B88A76D31E0F33D1003B269A /* ListViewController.swift */,
				B88A76D51E0F33D1003B269A /* Main.storyboard */,
				B88A76D81E0F33D1003B269A /* Assets.xcassets */,
				B88A76DA1E0F33D1003B269A /* LaunchScreen.storyboard */,
				B88A76DD1E0F33D1003B269A /* Info.plist */,
				B88A76FF1E0F342E003B269A /* InputViewController.swift */,
				B88A77011E0F3678003B269A /* DueElementCell.swift */,
			);
			path = DueList;
			sourceTree = "<group>";
		};
		B88A76E51E0F33D1003B269A /* DueListTests */ = {
			isa = PBXGroup;
			children = (
				B88A76E61E0F33D1003B269A /* DueListTests.swift */,
				B88A76E81E0F33D1003B269A /* Info.plist */,
			);
			path = DueListTests;
			sourceTree = "<group>";
		};
		B88A76F01E0F33D1003B269A /* DueListUITests */ = {
			isa = PBXGroup;
			children = (
				B88A76F11E0F33D1003B269A /* DueListUITests.swift */,
				B88A76F31E0F33D1003B269A /* Info.plist */,
			);
			path = DueListUITests;
			sourceTree = "<group>";
		};
/* End PBXGroup section */

/* Begin PBXNativeTarget section */
		B88A76CD1E0F33D1003B269A /* DueList */ = {
			isa = PBXNativeTarget;
			buildConfigurationList = B88A76F61E0F33D1003B269A /* Build configuration list for PBXNativeTarget "DueList" */;
			buildPhases = (
				B88A76CA1E0F33D1003B269A /* Sources */,
				B88A76CB1E0F33D1003B269A /* Frameworks */,
				B88A76CC1E0F33D1003B269A /* Resources */,
			);
			buildRules = (
			);
			dependencies = (
			);
			name = DueList;
			productName = DueList;
			productReference = B88A76CE1E0F33D1003B269A /* DueList.app */;
			productType = "com.apple.product-type.application";
		};
		B88A76E11E0F33D1003B269A /* DueListTests */ = {
			isa = PBXNativeTarget;
			buildConfigurationList = B88A76F91E0F33D1003B269A /* Build configuration list for PBXNativeTarget "DueListTests" */;
			buildPhases = (
				B88A76DE1E0F33D1003B269A /* Sources */,
				B88A76DF1E0F33D1003B269A /* Frameworks */,
				B88A76E01E0F33D1003B269A /* Resources */,
			);
			buildRules = (
			);
			dependencies = (
				B88A76E41E0F33D1003B269A /* PBXTargetDependency */,
			);
			name = DueListTests;
			productName = DueListTests;
			productReference = B88A76E21E0F33D1003B269A /* DueListTests.xctest */;
			productType = "com.apple.product-type.bundle.unit-test";
		};
		B88A76EC1E0F33D1003B269A /* DueListUITests */ = {
			isa = PBXNativeTarget;
			buildConfigurationList = B88A76FC1E0F33D1003B269A /* Build configuration list for PBXNativeTarget "DueListUITests" */;
			buildPhases = (
				B88A76E91E0F33D1003B269A /* Sources */,
				B88A76EA1E0F33D1003B269A /* Frameworks */,
				B88A76EB1E0F33D1003B269A /* Resources */,
			);
			buildRules = (
			);
			dependencies = (
				B88A76EF1E0F33D1003B269A /* PBXTargetDependency */,
			);
			name = DueListUITests;
			productName = DueListUITests;
			productReference = B88A76ED1E0F33D1003B269A /* DueListUITests.xctest */;
			productType = "com.apple.product-type.bundle.ui-testing";
		};
/* End PBXNativeTarget section */

/* Begin PBXProject section */
		B88A76C61E0F33D1003B269A /* Project object */ = {
			isa = PBXProject;
			attributes = {
				LastSwiftUpdateCheck = 0800;
				LastUpgradeCheck = 0800;
				ORGANIZATIONNAME = "Xintong Wu";
				TargetAttributes = {
					B88A76CD1E0F33D1003B269A = {
						CreatedOnToolsVersion = 8.0;
						DevelopmentTeam = UX66B64V37;
						ProvisioningStyle = Automatic;
					};
					B88A76E11E0F33D1003B269A = {
						CreatedOnToolsVersion = 8.0;
						DevelopmentTeam = UX66B64V37;
						ProvisioningStyle = Automatic;
						TestTargetID = B88A76CD1E0F33D1003B269A;
					};
					B88A76EC1E0F33D1003B269A = {
						CreatedOnToolsVersion = 8.0;
						DevelopmentTeam = UX66B64V37;
						ProvisioningStyle = Automatic;
						TestTargetID = B88A76CD1E0F33D1003B269A;
					};
				};
			};
			buildConfigurationList = B88A76C91E0F33D1003B269A /* Build configuration list for PBXProject "DueList" */;
			compatibilityVersion = "Xcode 3.2";
			developmentRegion = English;
			hasScannedForEncodings = 0;
			knownRegions = (
				en,
				Base,
			);
			mainGroup = B88A76C51E0F33D1003B269A;
			productRefGroup = B88A76CF1E0F33D1003B269A /* Products */;
			projectDirPath = "";
			projectRoot = "";
			targets = (
				B88A76CD1E0F33D1003B269A /* DueList */,
				B88A76E11E0F33D1003B269A /* DueListTests */,
				B88A76EC1E0F33D1003B269A /* DueListUITests */,
			);
		};
/* End PBXProject section */

/* Begin PBXResourcesBuildPhase section */
		B88A76CC1E0F33D1003B269A /* Resources */ = {
			isa = PBXResourcesBuildPhase;
			buildActionMask = 2147483647;
			files = (
				B88A76DC1E0F33D1003B269A /* LaunchScreen.storyboard in Resources */,
				B88A76D91E0F33D1003B269A /* Assets.xcassets in Resources */,
				B88A76D71E0F33D1003B269A /* Main.storyboard in Resources */,
			);
			runOnlyForDeploymentPostprocessing = 0;
		};
		B88A76E01E0F33D1003B269A /* Resources */ = {
			isa = PBXResourcesBuildPhase;
			buildActionMask = 2147483647;
			files = (
			);
			runOnlyForDeploymentPostprocessing = 0;
		};
		B88A76EB1E0F33D1003B269A /* Resources */ = {
			isa = PBXResourcesBuildPhase;
			buildActionMask = 2147483647;
			files = (
			);
			runOnlyForDeploymentPostprocessing = 0;
		};
/* End PBXResourcesBuildPhase section */

/* Begin PBXSourcesBuildPhase section */
		B88A76CA1E0F33D1003B269A /* Sources */ = {
			isa = PBXSourcesBuildPhase;
			buildActionMask = 2147483647;
			files = (
				B88A77001E0F342E003B269A /* InputViewController.swift in Sources */,
				B88A76D41E0F33D1003B269A /* ListViewController.swift in Sources */,
				B88A76D21E0F33D1003B269A /* AppDelegate.swift in Sources */,
				B88A77021E0F3678003B269A /* DueElementCell.swift in Sources */,
			);
			runOnlyForDeploymentPostprocessing = 0;
		};
		B88A76DE1E0F33D1003B269A /* Sources */ = {
			isa = PBXSourcesBuildPhase;
			buildActionMask = 2147483647;
			files = (
				B88A76E71E0F33D1003B269A /* DueListTests.swift in Sources */,
			);
			runOnlyForDeploymentPostprocessing = 0;
		};
		B88A76E91E0F33D1003B269A /* Sources */ = {
			isa = PBXSourcesBuildPhase;
			buildActionMask = 2147483647;
			files = (
				B88A76F21E0F33D1003B269A /* DueListUITests.swift in Sources */,
			);
			runOnlyForDeploymentPostprocessing = 0;
		};
/* End PBXSourcesBuildPhase section */

/* Begin PBXTargetDependency section */
		B88A76E41E0F33D1003B269A /* PBXTargetDependency */ = {
			isa = PBXTargetDependency;
			target = B88A76CD1E0F33D1003B269A /* DueList */;
			targetProxy = B88A76E31E0F33D1003B269A /* PBXContainerItemProxy */;
		};
		B88A76EF1E0F33D1003B269A /* PBXTargetDependency */ = {
			isa = PBXTargetDependency;
			target = B88A76CD1E0F33D1003B269A /* DueList */;
			targetProxy = B88A76EE1E0F33D1003B269A /* PBXContainerItemProxy */;
		};
/* End PBXTargetDependency section */

/* Begin PBXVariantGroup section */
		B88A76D51E0F33D1003B269A /* Main.storyboard */ = {
			isa = PBXVariantGroup;
			children = (
				B88A76D61E0F33D1003B269A /* Base */,
			);
			name = Main.storyboard;
			sourceTree = "<group>";
		};
		B88A76DA1E0F33D1003B269A /* LaunchScreen.storyboard */ = {
			isa = PBXVariantGroup;
			children = (
				B88A76DB1E0F33D1003B269A /* Base */,
			);
			name = LaunchScreen.storyboard;
			sourceTree = "<group>";
		};
/* End PBXVariantGroup section */

/* Begin XCBuildConfiguration section */
		B88A76F41E0F33D1003B269A /* Debug */ = {
			isa = XCBuildConfiguration;
			buildSettings = {
				ALWAYS_SEARCH_USER_PATHS = NO;
				CLANG_ANALYZER_NONNULL = YES;
				CLANG_CXX_LANGUAGE_STANDARD = "gnu++0x";
				CLANG_CXX_LIBRARY = "libc++";
				CLANG_ENABLE_MODULES = YES;
				CLANG_ENABLE_OBJC_ARC = YES;
				CLANG_WARN_BOOL_CONVERSION = YES;
				CLANG_WARN_CONSTANT_CONVERSION = YES;
				CLANG_WARN_DIRECT_OBJC_ISA_USAGE = YES_ERROR;
				CLANG_WARN_DOCUMENTATION_COMMENTS = YES;
				CLANG_WARN_EMPTY_BODY = YES;
				CLANG_WARN_ENUM_CONVERSION = YES;
				CLANG_WARN_INFINITE_RECURSION = YES;
				CLANG_WARN_INT_CONVERSION = YES;
				CLANG_WARN_OBJC_ROOT_CLASS = YES_ERROR;
				CLANG_WARN_SUSPICIOUS_MOVES = YES;
				CLANG_WARN_UNREACHABLE_CODE = YES;
				CLANG_WARN__DUPLICATE_METHOD_MATCH = YES;
				"CODE_SIGN_IDENTITY[sdk=iphoneos*]" = "iPhone Developer";
				COPY_PHASE_STRIP = NO;
				DEBUG_INFORMATION_FORMAT = dwarf;
				ENABLE_STRICT_OBJC_MSGSEND = YES;
				ENABLE_TESTABILITY = YES;
				GCC_C_LANGUAGE_STANDARD = gnu99;
				GCC_DYNAMIC_NO_PIC = NO;
				GCC_NO_COMMON_BLOCKS = YES;
				GCC_OPTIMIZATION_LEVEL = 0;
				GCC_PREPROCESSOR_DEFINITIONS = (
					"DEBUG=1",
					"$(inherited)",
				);
				GCC_WARN_64_TO_32_BIT_CONVERSION = YES;
				GCC_WARN_ABOUT_RETURN_TYPE = YES_ERROR;
				GCC_WARN_UNDECLARED_SELECTOR = YES;
				GCC_WARN_UNINITIALIZED_AUTOS = YES_AGGRESSIVE;
				GCC_WARN_UNUSED_FUNCTION = YES;
				GCC_WARN_UNUSED_VARIABLE = YES;
				IPHONEOS_DEPLOYMENT_TARGET = 10.0;
				MTL_ENABLE_DEBUG_INFO = YES;
				ONLY_ACTIVE_ARCH = YES;
				SDKROOT = iphoneos;
				SWIFT_ACTIVE_COMPILATION_CONDITIONS = DEBUG;
				SWIFT_OPTIMIZATION_LEVEL = "-Onone";
			};
			name = Debug;
		};
		B88A76F51E0F33D1003B269A /* Release */ = {
			isa = XCBuildConfiguration;
			buildSettings = {
				ALWAYS_SEARCH_USER_PATHS = NO;
				CLANG_ANALYZER_NONNULL = YES;
				CLANG_CXX_LANGUAGE_STANDARD = "gnu++0x";
				CLANG_CXX_LIBRARY = "libc++";
				CLANG_ENABLE_MODULES = YES;
				CLANG_ENABLE_OBJC_ARC = YES;
				CLANG_WARN_BOOL_CONVERSION = YES;
				CLANG_WARN_CONSTANT_CONVERSION = YES;
				CLANG_WARN_DIRECT_OBJC_ISA_USAGE = YES_ERROR;
				CLANG_WARN_DOCUMENTATION_COMMENTS = YES;
				CLANG_WARN_EMPTY_BODY = YES;
				CLANG_WARN_ENUM_CONVERSION = YES;
				CLANG_WARN_INFINITE_RECURSION = YES;
				CLANG_WARN_INT_CONVERSION = YES;
				CLANG_WARN_OBJC_ROOT_CLASS = YES_ERROR;
				CLANG_WARN_SUSPICIOUS_MOVES = YES;
				CLANG_WARN_UNREACHABLE_CODE = YES;
				CLANG_WARN__DUPLICATE_METHOD_MATCH = YES;
				"CODE_SIGN_IDENTITY[sdk=iphoneos*]" = "iPhone Developer";
				COPY_PHASE_STRIP = NO;
				DEBUG_INFORMATION_FORMAT = "dwarf-with-dsym";
				ENABLE_NS_ASSERTIONS = NO;
				ENABLE_STRICT_OBJC_MSGSEND = YES;
				GCC_C_LANGUAGE_STANDARD = gnu99;
				GCC_NO_COMMON_BLOCKS = YES;
				GCC_WARN_64_TO_32_BIT_CONVERSION = YES;
				GCC_WARN_ABOUT_RETURN_TYPE = YES_ERROR;
				GCC_WARN_UNDECLARED_SELECTOR = YES;
				GCC_WARN_UNINITIALIZED_AUTOS = YES_AGGRESSIVE;
				GCC_WARN_UNUSED_FUNCTION = YES;
				GCC_WARN_UNUSED_VARIABLE = YES;
				IPHONEOS_DEPLOYMENT_TARGET = 10.0;
				MTL_ENABLE_DEBUG_INFO = NO;
				SDKROOT = iphoneos;
				SWIFT_OPTIMIZATION_LEVEL = "-Owholemodule";
				VALIDATE_PRODUCT = YES;
			};
			name = Release;
		};
		B88A76F71E0F33D1003B269A /* Debug */ = {
			isa = XCBuildConfiguration;
			buildSettings = {
				ASSETCATALOG_COMPILER_APPICON_NAME = AppIcon;
				DEVELOPMENT_TEAM = UX66B64V37;
				INFOPLIST_FILE = DueList/Info.plist;
				LD_RUNPATH_SEARCH_PATHS = "$(inherited) @executable_path/Frameworks";
				PRODUCT_BUNDLE_IDENTIFIER = Project.DueList;
				PRODUCT_NAME = "$(TARGET_NAME)";
				SWIFT_VERSION = 3.0;
			};
			name = Debug;
		};
		B88A76F81E0F33D1003B269A /* Release */ = {
			isa = XCBuildConfiguration;
			buildSettings = {
				ASSETCATALOG_COMPILER_APPICON_NAME = AppIcon;
				DEVELOPMENT_TEAM = UX66B64V37;
				INFOPLIST_FILE = DueList/Info.plist;
				LD_RUNPATH_SEARCH_PATHS = "$(inherited) @executable_path/Frameworks";
				PRODUCT_BUNDLE_IDENTIFIER = Project.DueList;
				PRODUCT_NAME = "$(TARGET_NAME)";
				SWIFT_VERSION = 3.0;
			};
			name = Release;
		};
		B88A76FA1E0F33D1003B269A /* Debug */ = {
			isa = XCBuildConfiguration;
			buildSettings = {
				ALWAYS_EMBED_SWIFT_STANDARD_LIBRARIES = YES;
				BUNDLE_LOADER = "$(TEST_HOST)";
				DEVELOPMENT_TEAM = UX66B64V37;
				INFOPLIST_FILE = DueListTests/Info.plist;
				LD_RUNPATH_SEARCH_PATHS = "$(inherited) @executable_path/Frameworks @loader_path/Frameworks";
				PRODUCT_BUNDLE_IDENTIFIER = Project.DueListTests;
				PRODUCT_NAME = "$(TARGET_NAME)";
				SWIFT_VERSION = 3.0;
				TEST_HOST = "$(BUILT_PRODUCTS_DIR)/DueList.app/DueList";
			};
			name = Debug;
		};
		B88A76FB1E0F33D1003B269A /* Release */ = {
			isa = XCBuildConfiguration;
			buildSettings = {
				ALWAYS_EMBED_SWIFT_STANDARD_LIBRARIES = YES;
				BUNDLE_LOADER = "$(TEST_HOST)";
				DEVELOPMENT_TEAM = UX66B64V37;
				INFOPLIST_FILE = DueListTests/Info.plist;
				LD_RUNPATH_SEARCH_PATHS = "$(inherited) @executable_path/Frameworks @loader_path/Frameworks";
				PRODUCT_BUNDLE_IDENTIFIER = Project.DueListTests;
				PRODUCT_NAME = "$(TARGET_NAME)";
				SWIFT_VERSION = 3.0;
				TEST_HOST = "$(BUILT_PRODUCTS_DIR)/DueList.app/DueList";
			};
			name = Release;
		};
		B88A76FD1E0F33D1003B269A /* Debug */ = {
			isa = XCBuildConfiguration;
			buildSettings = {
				ALWAYS_EMBED_SWIFT_STANDARD_LIBRARIES = YES;
				DEVELOPMENT_TEAM = UX66B64V37;
				INFOPLIST_FILE = DueListUITests/Info.plist;
				LD_RUNPATH_SEARCH_PATHS = "$(inherited) @executable_path/Frameworks @loader_path/Frameworks";
				PRODUCT_BUNDLE_IDENTIFIER = Project.DueListUITests;
				PRODUCT_NAME = "$(TARGET_NAME)";
				SWIFT_VERSION = 3.0;
				TEST_TARGET_NAME = DueList;
			};
			name = Debug;
		};
		B88A76FE1E0F33D1003B269A /* Release */ = {
			isa = XCBuildConfiguration;
			buildSettings = {
				ALWAYS_EMBED_SWIFT_STANDARD_LIBRARIES = YES;
				DEVELOPMENT_TEAM = UX66B64V37;
				INFOPLIST_FILE = DueListUITests/Info.plist;
				LD_RUNPATH_SEARCH_PATHS = "$(inherited) @executable_path/Frameworks @loader_path/Frameworks";
				PRODUCT_BUNDLE_IDENTIFIER = Project.DueListUITests;
				PRODUCT_NAME = "$(TARGET_NAME)";
				SWIFT_VERSION = 3.0;
				TEST_TARGET_NAME = DueList;
			};
			name = Release;
		};
/* End XCBuildConfiguration section */

/* Begin XCConfigurationList section */
		B88A76C91E0F33D1003B269A /* Build configuration list for PBXProject "DueList" */ = {
			isa = XCConfigurationList;
			buildConfigurations = (
				B88A76F41E0F33D1003B269A /* Debug */,
				B88A76F51E0F33D1003B269A /* Release */,
			);
			defaultConfigurationIsVisible = 0;
			defaultConfigurationName = Release;
		};
		B88A76F61E0F33D1003B269A /* Build configuration list for PBXNativeTarget "DueList" */ = {
			isa = XCConfigurationList;
			buildConfigurations = (
				B88A76F71E0F33D1003B269A /* Debug */,
				B88A76F81E0F33D1003B269A /* Release */,
			);
			defaultConfigurationIsVisible = 0;
			defaultConfigurationName = Release;
		};
		B88A76F91E0F33D1003B269A /* Build configuration list for PBXNativeTarget "DueListTests" */ = {
			isa = XCConfigurationList;
			buildConfigurations = (
				B88A76FA1E0F33D1003B269A /* Debug */,
				B88A76FB1E0F33D1003B269A /* Release */,
			);
			defaultConfigurationIsVisible = 0;
			defaultConfigurationName = Release;
		};
		B88A76FC1E0F33D1003B269A /* Build configuration list for PBXNativeTarget "DueListUITests" */ = {
			isa = XCConfigurationList;
			buildConfigurations = (
				B88A76FD1E0F33D1003B269A /* Debug */,
				B88A76FE1E0F33D1003B269A /* Release */,
			);
			defaultConfigurationIsVisible = 0;
			defaultConfigurationName = Release;
		};
/* End XCConfigurationList section */
	};
	rootObject = B88A76C61E0F33D1003B269A /* Project object */;
}
